Microsoft Visual Studio Solution File, Format Version 12.00
# Visual Studio Version 17
VisualStudioVersion = 17.5.2.0
MinimumVisualStudioVersion = 10.0.40219.1
Project("{FAE04EC0-301F-11D3-BF4B-00C04F79EFBC}") = "Wagetracker.API", "Wagetracker.API.csproj", "{591F3840-E759-BEC9-23ED-E70770B4BF49}"
EndProject
Global
	GlobalSection(SolutionConfigurationPlatforms) = preSolution
		Debug|Any CPU = Debug|Any CPU
		Release|Any CPU = Release|Any CPU
	EndGlobalSection
	GlobalSection(ProjectConfigurationPlatforms) = postSolution
		{591F3840-E759-BEC9-23ED-E70770B4BF49}.Debug|Any CPU.ActiveCfg = Debug|Any CPU
		{591F3840-E759-BEC9-23ED-E70770B4BF49}.Debug|Any CPU.Build.0 = Debug|Any CPU
		{591F3840-E759-BEC9-23ED-E70770B4BF49}.Release|Any CPU.ActiveCfg = Release|Any CPU
		{591F3840-E759-BEC9-23ED-E70770B4BF49}.Release|Any CPU.Build.0 = Release|Any CPU
	EndGlobalSection
	GlobalSection(SolutionProperties) = preSolution
		HideSolutionNode = FALSE
	EndGlobalSection
	GlobalSection(ExtensibilityGlobals) = postSolution
		SolutionGuid = {B1F5A02D-6DF3-4DE7-A30F-0453D47F5C98}
	EndGlobalSection
EndGlobal
